{
  "name": "TWA_Project",
  "lockfileVersion": 2,
  "requires": true,
  "packages": {
    "": {
      "name": "TWA_Project",
      "dependencies": {
        "@whoicd/icd11ect": "^1.4.1"
      }
    },
    "node_modules/@whoicd/icd11ect": {
      "version": "1.4.1",
      "resolved": "https://registry.npmjs.org/@whoicd/icd11ect/-/icd11ect-1.4.1.tgz",
      "integrity": "sha512-cuUnci+3O0sTpTzDLGcZtz+KwxCJ07u5ALd5u8aPn/WdbN7b6PlCKwsqqfrowl3JRDxkeTLcUZUSXvKM7YXYKw=="
    }
  },
  "dependencies": {
    "@whoicd/icd11ect": {
      "version": "1.4.1",
      "resolved": "https://registry.npmjs.org/@whoicd/icd11ect/-/icd11ect-1.4.1.tgz",
      "integrity": "sha512-cuUnci+3O0sTpTzDLGcZtz+KwxCJ07u5ALd5u8aPn/WdbN7b6PlCKwsqqfrowl3JRDxkeTLcUZUSXvKM7YXYKw=="
    }
  }
}
